
Microsoft Visual Studio Solution File, Format Version 12.00
# Visual Studio 14
VisualStudioVersion = 14.0.25420.1
MinimumVisualStudioVersion = 10.0.40219.1
Project("{8BC9CEB8-8B4A-11D0-8D11-00A0C91BC942}") = "EditDemo", "EditDemo\EditDemo.vcxproj", "{A595B2EC-1A77-4B2B-A98E-596F45FF0F34}"
EndProject
Project("{8BC9CEB8-8B4A-11D0-8D11-00A0C91BC942}") = "CheckBoxDemo", "CheckBoxDemo\CheckBoxDemo.vcxproj", "{4838AB4B-C986-4CEA-A8EC-39F334831694}"
EndProject
Project("{8BC9CEB8-8B4A-11D0-8D11-00A0C91BC942}") = "ComboBox_ListBox", "ComboBox_ListBox\ComboBox_ListBox.vcxproj", "{10A42C0C-BB03-42C7-A598-3E85C4FA1E1A}"
EndProject
Project("{8BC9CEB8-8B4A-11D0-8D11-00A0C91BC942}") = "ScrollBarDemo", "ScrollBarDemo\ScrollBarDemo.vcxproj", "{C043B0BD-1E28-47BB-B3C0-A6B6B7D2E576}"
EndProject
Project("{8BC9CEB8-8B4A-11D0-8D11-00A0C91BC942}") = "SpinDemo", "SpinDemo\SpinDemo.vcxproj", "{2759AFC8-2B53-4673-87F2-D2E5D9E73695}"
EndProject
Project("{8BC9CEB8-8B4A-11D0-8D11-00A0C91BC942}") = "ProgressDemo", "ProgressDemo\ProgressDemo.vcxproj", "{279316E5-7FDE-4E31-8EA0-A4182A232463}"
EndProject
Project("{8BC9CEB8-8B4A-11D0-8D11-00A0C91BC942}") = "SliderDemo", "SliderDemo\SliderDemo.vcxproj", "{F54C3764-E1DD-4658-9853-267D447FE626}"
EndProject
Project("{8BC9CEB8-8B4A-11D0-8D11-00A0C91BC942}") = "HotKey", "HotKey\HotKey.vcxproj", "{1114CA1A-5A1F-43AB-94C8-13A35A362C0C}"
EndProject
Project("{8BC9CEB8-8B4A-11D0-8D11-00A0C91BC942}") = "TreeCtrlDemo", "TreeCtrlDemo\TreeCtrlDemo.vcxproj", "{53514DF1-9038-4D77-896A-4B086FB8C524}"
EndProject
Project("{8BC9CEB8-8B4A-11D0-8D11-00A0C91BC942}") = "EditRichDemo", "EditRichDemo\EditRichDemo.vcxproj", "{E2812FA1-21E8-4004-A145-C5DB3BC8EB55}"
EndProject
Project("{8BC9CEB8-8B4A-11D0-8D11-00A0C91BC942}") = "TabControl", "TabControl\TabControl.vcxproj", "{60AD3F1C-A3FB-4310-A8EA-E743BFD3AA07}"
EndProject
Project("{8BC9CEB8-8B4A-11D0-8D11-00A0C91BC942}") = "DateTimeDemo", "DateTimeDemo\DateTimeDemo.vcxproj", "{495CB96F-E1E6-479B-80DC-3DB826B82C91}"
EndProject
Project("{8BC9CEB8-8B4A-11D0-8D11-00A0C91BC942}") = "CalendarDemo", "CalendarDemo\CalendarDemo.vcxproj", "{3F541B7F-7FFD-4935-A785-6D827F6BD8EE}"
EndProject
Project("{8BC9CEB8-8B4A-11D0-8D11-00A0C91BC942}") = "ListControldemo", "ListControldemo\ListControldemo.vcxproj", "{85697C94-4B4C-4F41-9E40-1F55F54A0EF9}"
EndProject
Project("{8BC9CEB8-8B4A-11D0-8D11-00A0C91BC942}") = "TestLo", "TestLo\TestLo.vcxproj", "{CBAB4629-65D0-4F4E-B362-F0BA67C18751}"
EndProject
Global
	GlobalSection(SolutionConfigurationPlatforms) = preSolution
		Debug|x64 = Debug|x64
		Debug|x86 = Debug|x86
		Release|x64 = Release|x64
		Release|x86 = Release|x86
	EndGlobalSection
	GlobalSection(ProjectConfigurationPlatforms) = postSolution
		{A595B2EC-1A77-4B2B-A98E-596F45FF0F34}.Debug|x64.ActiveCfg = Debug|x64
		{A595B2EC-1A77-4B2B-A98E-596F45FF0F34}.Debug|x64.Build.0 = Debug|x64
		{A595B2EC-1A77-4B2B-A98E-596F45FF0F34}.Debug|x86.ActiveCfg = Debug|Win32
		{A595B2EC-1A77-4B2B-A98E-596F45FF0F34}.Debug|x86.Build.0 = Debug|Win32
		{A595B2EC-1A77-4B2B-A98E-596F45FF0F34}.Release|x64.ActiveCfg = Release|x64
		{A595B2EC-1A77-4B2B-A98E-596F45FF0F34}.Release|x64.Build.0 = Release|x64
		{A595B2EC-1A77-4B2B-A98E-596F45FF0F34}.Release|x86.ActiveCfg = Release|Win32
		{A595B2EC-1A77-4B2B-A98E-596F45FF0F34}.Release|x86.Build.0 = Release|Win32
		{4838AB4B-C986-4CEA-A8EC-39F334831694}.Debug|x64.ActiveCfg = Debug|x64
		{4838AB4B-C986-4CEA-A8EC-39F334831694}.Debug|x64.Build.0 = Debug|x64
		{4838AB4B-C986-4CEA-A8EC-39F334831694}.Debug|x86.ActiveCfg = Debug|Win32
		{4838AB4B-C986-4CEA-A8EC-39F334831694}.Debug|x86.Build.0 = Debug|Win32
		{4838AB4B-C986-4CEA-A8EC-39F334831694}.Release|x64.ActiveCfg = Release|x64
		{4838AB4B-C986-4CEA-A8EC-39F334831694}.Release|x64.Build.0 = Release|x64
		{4838AB4B-C986-4CEA-A8EC-39F334831694}.Release|x86.ActiveCfg = Release|Win32
		{4838AB4B-C986-4CEA-A8EC-39F334831694}.Release|x86.Build.0 = Release|Win32
		{10A42C0C-BB03-42C7-A598-3E85C4FA1E1A}.Debug|x64.ActiveCfg = Debug|x64
		{10A42C0C-BB03-42C7-A598-3E85C4FA1E1A}.Debug|x64.Build.0 = Debug|x64
		{10A42C0C-BB03-42C7-A598-3E85C4FA1E1A}.Debug|x86.ActiveCfg = Debug|Win32
		{10A42C0C-BB03-42C7-A598-3E85C4FA1E1A}.Debug|x86.Build.0 = Debug|Win32
		{10A42C0C-BB03-42C7-A598-3E85C4FA1E1A}.Release|x64.ActiveCfg = Release|x64
		{10A42C0C-BB03-42C7-A598-3E85C4FA1E1A}.Release|x64.Build.0 = Release|x64
		{10A42C0C-BB03-42C7-A598-3E85C4FA1E1A}.Release|x86.ActiveCfg = Release|Win32
		{10A42C0C-BB03-42C7-A598-3E85C4FA1E1A}.Release|x86.Build.0 = Release|Win32
		{C043B0BD-1E28-47BB-B3C0-A6B6B7D2E576}.Debug|x64.ActiveCfg = Debug|x64
		{C043B0BD-1E28-47BB-B3C0-A6B6B7D2E576}.Debug|x64.Build.0 = Debug|x64
		{C043B0BD-1E28-47BB-B3C0-A6B6B7D2E576}.Debug|x86.ActiveCfg = Debug|Win32
		{C043B0BD-1E28-47BB-B3C0-A6B6B7D2E576}.Debug|x86.Build.0 = Debug|Win32
		{C043B0BD-1E28-47BB-B3C0-A6B6B7D2E576}.Release|x64.ActiveCfg = Release|x64
		{C043B0BD-1E28-47BB-B3C0-A6B6B7D2E576}.Release|x64.Build.0 = Release|x64
		{C043B0BD-1E28-47BB-B3C0-A6B6B7D2E576}.Release|x86.ActiveCfg = Release|Win32
		{C043B0BD-1E28-47BB-B3C0-A6B6B7D2E576}.Release|x86.Build.0 = Release|Win32
		{2759AFC8-2B53-4673-87F2-D2E5D9E73695}.Debug|x64.ActiveCfg = Debug|x64
		{2759AFC8-2B53-4673-87F2-D2E5D9E73695}.Debug|x64.Build.0 = Debug|x64
		{2759AFC8-2B53-4673-87F2-D2E5D9E73695}.Debug|x86.ActiveCfg = Debug|Win32
		{2759AFC8-2B53-4673-87F2-D2E5D9E73695}.Debug|x86.Build.0 = Debug|Win32
		{2759AFC8-2B53-4673-87F2-D2E5D9E73695}.Release|x64.ActiveCfg = Release|x64
		{2759AFC8-2B53-4673-87F2-D2E5D9E73695}.Release|x64.Build.0 = Release|x64
		{2759AFC8-2B53-4673-87F2-D2E5D9E73695}.Release|x86.ActiveCfg = Release|Win32
		{2759AFC8-2B53-4673-87F2-D2E5D9E73695}.Release|x86.Build.0 = Release|Win32
		{279316E5-7FDE-4E31-8EA0-A4182A232463}.Debug|x64.ActiveCfg = Debug|x64
		{279316E5-7FDE-4E31-8EA0-A4182A232463}.Debug|x64.Build.0 = Debug|x64
		{279316E5-7FDE-4E31-8EA0-A4182A232463}.Debug|x86.ActiveCfg = Debug|Win32
		{279316E5-7FDE-4E31-8EA0-A4182A232463}.Debug|x86.Build.0 = Debug|Win32
		{279316E5-7FDE-4E31-8EA0-A4182A232463}.Release|x64.ActiveCfg = Release|x64
		{279316E5-7FDE-4E31-8EA0-A4182A232463}.Release|x64.Build.0 = Release|x64
		{279316E5-7FDE-4E31-8EA0-A4182A232463}.Release|x86.ActiveCfg = Release|Win32
		{279316E5-7FDE-4E31-8EA0-A4182A232463}.Release|x86.Build.0 = Release|Win32
		{F54C3764-E1DD-4658-9853-267D447FE626}.Debug|x64.ActiveCfg = Debug|x64
		{F54C3764-E1DD-4658-9853-267D447FE626}.Debug|x64.Build.0 = Debug|x64
		{F54C3764-E1DD-4658-9853-267D447FE626}.Debug|x86.ActiveCfg = Debug|Win32
		{F54C3764-E1DD-4658-9853-267D447FE626}.Debug|x86.Build.0 = Debug|Win32
		{F54C3764-E1DD-4658-9853-267D447FE626}.Release|x64.ActiveCfg = Release|x64
		{F54C3764-E1DD-4658-9853-267D447FE626}.Release|x64.Build.0 = Release|x64
		{F54C3764-E1DD-4658-9853-267D447FE626}.Release|x86.ActiveCfg = Release|Win32
		{F54C3764-E1DD-4658-9853-267D447FE626}.Release|x86.Build.0 = Release|Win32
		{1114CA1A-5A1F-43AB-94C8-13A35A362C0C}.Debug|x64.ActiveCfg = Debug|x64
		{1114CA1A-5A1F-43AB-94C8-13A35A362C0C}.Debug|x64.Build.0 = Debug|x64
		{1114CA1A-5A1F-43AB-94C8-13A35A362C0C}.Debug|x86.ActiveCfg = Debug|Win32
		{1114CA1A-5A1F-43AB-94C8-13A35A362C0C}.Debug|x86.Build.0 = Debug|Win32
		{1114CA1A-5A1F-43AB-94C8-13A35A362C0C}.Release|x64.ActiveCfg = Release|x64
		{1114CA1A-5A1F-43AB-94C8-13A35A362C0C}.Release|x64.Build.0 = Release|x64
		{1114CA1A-5A1F-43AB-94C8-13A35A362C0C}.Release|x86.ActiveCfg = Release|Win32
		{1114CA1A-5A1F-43AB-94C8-13A35A362C0C}.Release|x86.Build.0 = Release|Win32
		{53514DF1-9038-4D77-896A-4B086FB8C524}.Debug|x64.ActiveCfg = Debug|x64
		{53514DF1-9038-4D77-896A-4B086FB8C524}.Debug|x64.Build.0 = Debug|x64
		{53514DF1-9038-4D77-896A-4B086FB8C524}.Debug|x86.ActiveCfg = Debug|Win32
		{53514DF1-9038-4D77-896A-4B086FB8C524}.Debug|x86.Build.0 = Debug|Win32
		{53514DF1-9038-4D77-896A-4B086FB8C524}.Release|x64.ActiveCfg = Release|x64
		{53514DF1-9038-4D77-896A-4B086FB8C524}.Release|x64.Build.0 = Release|x64
		{53514DF1-9038-4D77-896A-4B086FB8C524}.Release|x86.ActiveCfg = Release|Win32
		{53514DF1-9038-4D77-896A-4B086FB8C524}.Release|x86.Build.0 = Release|Win32
		{E2812FA1-21E8-4004-A145-C5DB3BC8EB55}.Debug|x64.ActiveCfg = Debug|x64
		{E2812FA1-21E8-4004-A145-C5DB3BC8EB55}.Debug|x64.Build.0 = Debug|x64
		{E2812FA1-21E8-4004-A145-C5DB3BC8EB55}.Debug|x86.ActiveCfg = Debug|Win32
		{E2812FA1-21E8-4004-A145-C5DB3BC8EB55}.Debug|x86.Build.0 = Debug|Win32
		{E2812FA1-21E8-4004-A145-C5DB3BC8EB55}.Release|x64.ActiveCfg = Release|x64
		{E2812FA1-21E8-4004-A145-C5DB3BC8EB55}.Release|x64.Build.0 = Release|x64
		{E2812FA1-21E8-4004-A145-C5DB3BC8EB55}.Release|x86.ActiveCfg = Release|Win32
		{E2812FA1-21E8-4004-A145-C5DB3BC8EB55}.Release|x86.Build.0 = Release|Win32
		{60AD3F1C-A3FB-4310-A8EA-E743BFD3AA07}.Debug|x64.ActiveCfg = Debug|x64
		{60AD3F1C-A3FB-4310-A8EA-E743BFD3AA07}.Debug|x64.Build.0 = Debug|x64
		{60AD3F1C-A3FB-4310-A8EA-E743BFD3AA07}.Debug|x86.ActiveCfg = Debug|Win32
		{60AD3F1C-A3FB-4310-A8EA-E743BFD3AA07}.Debug|x86.Build.0 = Debug|Win32
		{60AD3F1C-A3FB-4310-A8EA-E743BFD3AA07}.Release|x64.ActiveCfg = Release|x64
		{60AD3F1C-A3FB-4310-A8EA-E743BFD3AA07}.Release|x64.Build.0 = Release|x64
		{60AD3F1C-A3FB-4310-A8EA-E743BFD3AA07}.Release|x86.ActiveCfg = Release|Win32
		{60AD3F1C-A3FB-4310-A8EA-E743BFD3AA07}.Release|x86.Build.0 = Release|Win32
		{495CB96F-E1E6-479B-80DC-3DB826B82C91}.Debug|x64.ActiveCfg = Debug|x64
		{495CB96F-E1E6-479B-80DC-3DB826B82C91}.Debug|x64.Build.0 = Debug|x64
		{495CB96F-E1E6-479B-80DC-3DB826B82C91}.Debug|x86.ActiveCfg = Debug|Win32
		{495CB96F-E1E6-479B-80DC-3DB826B82C91}.Debug|x86.Build.0 = Debug|Win32
		{495CB96F-E1E6-479B-80DC-3DB826B82C91}.Release|x64.ActiveCfg = Release|x64
		{495CB96F-E1E6-479B-80DC-3DB826B82C91}.Release|x64.Build.0 = Release|x64
		{495CB96F-E1E6-479B-80DC-3DB826B82C91}.Release|x86.ActiveCfg = Release|Win32
		{495CB96F-E1E6-479B-80DC-3DB826B82C91}.Release|x86.Build.0 = Release|Win32
		{3F541B7F-7FFD-4935-A785-6D827F6BD8EE}.Debug|x64.ActiveCfg = Debug|x64
		{3F541B7F-7FFD-4935-A785-6D827F6BD8EE}.Debug|x64.Build.0 = Debug|x64
		{3F541B7F-7FFD-4935-A785-6D827F6BD8EE}.Debug|x86.ActiveCfg = Debug|Win32
		{3F541B7F-7FFD-4935-A785-6D827F6BD8EE}.Debug|x86.Build.0 = Debug|Win32
		{3F541B7F-7FFD-4935-A785-6D827F6BD8EE}.Release|x64.ActiveCfg = Release|x64
		{3F541B7F-7FFD-4935-A785-6D827F6BD8EE}.Release|x64.Build.0 = Release|x64
		{3F541B7F-7FFD-4935-A785-6D827F6BD8EE}.Release|x86.ActiveCfg = Release|Win32
		{3F541B7F-7FFD-4935-A785-6D827F6BD8EE}.Release|x86.Build.0 = Release|Win32
		{85697C94-4B4C-4F41-9E40-1F55F54A0EF9}.Debug|x64.ActiveCfg = Debug|x64
		{85697C94-4B4C-4F41-9E40-1F55F54A0EF9}.Debug|x64.Build.0 = Debug|x64
		{85697C94-4B4C-4F41-9E40-1F55F54A0EF9}.Debug|x86.ActiveCfg = Debug|Win32
		{85697C94-4B4C-4F41-9E40-1F55F54A0EF9}.Debug|x86.Build.0 = Debug|Win32
		{85697C94-4B4C-4F41-9E40-1F55F54A0EF9}.Release|x64.ActiveCfg = Release|x64
		{85697C94-4B4C-4F41-9E40-1F55F54A0EF9}.Release|x64.Build.0 = Release|x64
		{85697C94-4B4C-4F41-9E40-1F55F54A0EF9}.Release|x86.ActiveCfg = Release|Win32
		{85697C94-4B4C-4F41-9E40-1F55F54A0EF9}.Release|x86.Build.0 = Release|Win32
		{CBAB4629-65D0-4F4E-B362-F0BA67C18751}.Debug|x64.ActiveCfg = Debug|x64
		{CBAB4629-65D0-4F4E-B362-F0BA67C18751}.Debug|x64.Build.0 = Debug|x64
		{CBAB4629-65D0-4F4E-B362-F0BA67C18751}.Debug|x86.ActiveCfg = Debug|Win32
		{CBAB4629-65D0-4F4E-B362-F0BA67C18751}.Debug|x86.Build.0 = Debug|Win32
		{CBAB4629-65D0-4F4E-B362-F0BA67C18751}.Release|x64.ActiveCfg = Release|x64
		{CBAB4629-65D0-4F4E-B362-F0BA67C18751}.Release|x64.Build.0 = Release|x64
		{CBAB4629-65D0-4F4E-B362-F0BA67C18751}.Release|x86.ActiveCfg = Release|Win32
		{CBAB4629-65D0-4F4E-B362-F0BA67C18751}.Release|x86.Build.0 = Release|Win32
	EndGlobalSection
	GlobalSection(SolutionProperties) = preSolution
		HideSolutionNode = FALSE
	EndGlobalSection
EndGlobal
