<?xml version="1.0" encoding="utf-8"?>
<Project ToolsVersion="4.0" xmlns="http://schemas.microsoft.com/developer/msbuild/2003">
  <ItemGroup>
    <Filter Include="Source Files">
      <UniqueIdentifier>{4FC737F1-C7A5-4376-A066-2A32D752A2FF}</UniqueIdentifier>
      <Extensions>cpp;c;cc;cxx;def;odl;idl;hpj;bat;asm;asmx</Extensions>
    </Filter>
    <Filter Include="Header Files">
      <UniqueIdentifier>{93995380-89BD-4b04-88EB-625FBE52EBFB}</UniqueIdentifier>
      <Extensions>h;hpp;hxx;hm;inl;inc;xsd</Extensions>
    </Filter>
    <Filter Include="Resource Files">
      <UniqueIdentifier>{67DA6AB6-F800-4c08-8B7A-83BB121AAD01}</UniqueIdentifier>
      <Extensions>rc;ico;cur;bmp;dlg;rc2;rct;bin;rgs;gif;jpg;jpeg;jpe;resx;tiff;tif;png;wav;mfcribbon-ms</Extensions>
    </Filter>
    <Filter Include="Driver Files">
      <UniqueIdentifier>{8E41214B-6785-4CFE-B992-037D68949A14}</UniqueIdentifier>
      <Extensions>inf;inv;inx;mof;mc;</Extensions>
    </Filter>
    <Filter Include="Common">
      <UniqueIdentifier>{8bf58145-79d5-4404-8b3d-a480f43dd91a}</UniqueIdentifier>
    </Filter>
    <Filter Include="Common\nt_status">
      <UniqueIdentifier>{a02c953a-6bdd-4141-af13-284407d2327d}</UniqueIdentifier>
    </Filter>
    <Filter Include="Common\Stdcpp">
      <UniqueIdentifier>{3d04ca26-7f27-44e5-b3e0-a01fd5d602b7}</UniqueIdentifier>
    </Filter>
    <Filter Include="Common\DriverEntry">
      <UniqueIdentifier>{62c66a2d-414d-42a3-9b29-4b33b98299b5}</UniqueIdentifier>
    </Filter>
    <Filter Include="Common\ntos">
      <UniqueIdentifier>{2ba2dd3e-41c1-411d-8ddf-f45719cb2130}</UniqueIdentifier>
    </Filter>
    <Filter Include="Common\Device">
      <UniqueIdentifier>{498f131d-bbd6-4342-9794-19dc0a30e771}</UniqueIdentifier>
    </Filter>
    <Filter Include="Common\Driver">
      <UniqueIdentifier>{8ff9dd51-3082-4440-b369-8ee96fedcdc9}</UniqueIdentifier>
    </Filter>
    <Filter Include="Common\Lock">
      <UniqueIdentifier>{0c38520c-2978-4b09-adf0-2e775289ebd6}</UniqueIdentifier>
    </Filter>
    <Filter Include="Common\util">
      <UniqueIdentifier>{5845d8d7-710a-4658-be6c-6e9ff4cf1358}</UniqueIdentifier>
    </Filter>
    <Filter Include="Common\util\syscall">
      <UniqueIdentifier>{3bad656b-52c8-42bf-83c5-800d55c38fac}</UniqueIdentifier>
    </Filter>
    <Filter Include="Common\util\mem_util">
      <UniqueIdentifier>{aaf8c70d-9f4b-4eeb-8190-8735c979b6e3}</UniqueIdentifier>
    </Filter>
    <Filter Include="Common\Thread">
      <UniqueIdentifier>{2aea96c6-350d-4dac-8411-18de202e69d3}</UniqueIdentifier>
    </Filter>
    <Filter Include="Common\util\time">
      <UniqueIdentifier>{66eaee90-2d15-4813-8d2f-e2b0588ddbe5}</UniqueIdentifier>
    </Filter>
    <Filter Include="Common\work_item">
      <UniqueIdentifier>{bf8c4f3d-bb39-4f0d-b771-8be6bd148ab7}</UniqueIdentifier>
    </Filter>
    <Filter Include="Common\Dpc">
      <UniqueIdentifier>{7a7eb590-5324-4d10-860e-118e07f1523b}</UniqueIdentifier>
    </Filter>
    <Filter Include="Common\Timer">
      <UniqueIdentifier>{86663ae1-9f3b-4991-af07-3e51f04421e4}</UniqueIdentifier>
    </Filter>
    <Filter Include="Common\Ipi">
      <UniqueIdentifier>{26edd9a7-cf18-4808-97df-4085c60c7aa9}</UniqueIdentifier>
    </Filter>
    <Filter Include="Common\file">
      <UniqueIdentifier>{03c8e069-a1e4-4730-819c-d0137e464d87}</UniqueIdentifier>
    </Filter>
    <Filter Include="Common\reg">
      <UniqueIdentifier>{0a67860a-f2de-4565-8122-8cfe067a0b47}</UniqueIdentifier>
    </Filter>
    <Filter Include="Common\filemap">
      <UniqueIdentifier>{3078fbaf-69f9-46a9-8b31-6f87199c23c0}</UniqueIdentifier>
    </Filter>
    <Filter Include="Common\event">
      <UniqueIdentifier>{0f6143f6-9fdc-4694-a2cb-3f546598f1e8}</UniqueIdentifier>
    </Filter>
    <Filter Include="Common\hive">
      <UniqueIdentifier>{34cb38d4-2533-444a-8ba2-d1ce40b7512e}</UniqueIdentifier>
    </Filter>
    <Filter Include="Common\string">
      <UniqueIdentifier>{9cc002ab-b50d-4fd2-b2ed-bc19dd7c6f87}</UniqueIdentifier>
    </Filter>
    <Filter Include="Common\callback">
      <UniqueIdentifier>{42d00498-eef0-4a98-b9a9-af0d60f4349a}</UniqueIdentifier>
    </Filter>
    <Filter Include="Common\socket">
      <UniqueIdentifier>{e8769dd8-7d6c-442a-8b45-f3be46ce8a25}</UniqueIdentifier>
    </Filter>
    <Filter Include="Common\callback\image">
      <UniqueIdentifier>{aa668a52-2ca3-4b1c-98f3-e9b9e176c87b}</UniqueIdentifier>
    </Filter>
    <Filter Include="Common\callback\process">
      <UniqueIdentifier>{4918fa1f-c2d1-42ca-ad85-cff08e762d5a}</UniqueIdentifier>
    </Filter>
    <Filter Include="Common\callback\thread">
      <UniqueIdentifier>{0a9482ee-1786-4920-a629-95aed3e96de4}</UniqueIdentifier>
    </Filter>
    <Filter Include="Common\callback\excallback">
      <UniqueIdentifier>{51d070c5-cf5d-4013-adaa-1da6b4897b7d}</UniqueIdentifier>
    </Filter>
    <Filter Include="Common\callback\shutdown">
      <UniqueIdentifier>{7679d6db-b899-4047-8659-63b302ae80ef}</UniqueIdentifier>
    </Filter>
    <Filter Include="Common\callback\register">
      <UniqueIdentifier>{36524474-8971-43c0-9ca3-b618bfaaf8b5}</UniqueIdentifier>
    </Filter>
    <Filter Include="Common\callback\pnp">
      <UniqueIdentifier>{f4bf161d-2c40-4ed5-bba4-61030cc34e19}</UniqueIdentifier>
    </Filter>
    <Filter Include="Common\callback\object">
      <UniqueIdentifier>{f11f4248-db95-4cd5-b0b4-90354cf26722}</UniqueIdentifier>
    </Filter>
    <Filter Include="Common\callback\processor">
      <UniqueIdentifier>{534c78ca-ae39-4d0c-8c57-3f0370dcf3fb}</UniqueIdentifier>
    </Filter>
    <Filter Include="Common\callback\power">
      <UniqueIdentifier>{19db0606-de4e-4d03-ac1e-4cafaac7c9df}</UniqueIdentifier>
    </Filter>
    <Filter Include="Common\socket\tdi">
      <UniqueIdentifier>{9eda4075-4493-48d1-bcbe-15385d7a6bbf}</UniqueIdentifier>
    </Filter>
    <Filter Include="Common\socket\wsk">
      <UniqueIdentifier>{448a9c0e-c83c-4201-828e-ecabc18d09fa}</UniqueIdentifier>
    </Filter>
    <Filter Include="Common\callback\session">
      <UniqueIdentifier>{14d8a8d5-8ee5-4048-b7d5-1c521f83d052}</UniqueIdentifier>
    </Filter>
    <Filter Include="Common\callback\object\process">
      <UniqueIdentifier>{f20b142c-3098-42d8-a48b-4c22d9a352d0}</UniqueIdentifier>
    </Filter>
    <Filter Include="Common\callback\object\thread">
      <UniqueIdentifier>{8db25b04-a1c1-48aa-9c64-5d1591825e1b}</UniqueIdentifier>
    </Filter>
    <Filter Include="Common\callback\object\file">
      <UniqueIdentifier>{ccff3df5-95c9-456f-add8-75a6e900e322}</UniqueIdentifier>
    </Filter>
    <Filter Include="Common\macro">
      <UniqueIdentifier>{c96d3653-b64d-4c77-a2ff-97f5feb0a0eb}</UniqueIdentifier>
    </Filter>
    <Filter Include="Common\irpfilter">
      <UniqueIdentifier>{a53c9609-aaa9-4327-80bb-b5c66d6d1f89}</UniqueIdentifier>
    </Filter>
    <Filter Include="Common\Log">
      <UniqueIdentifier>{1ccb6dd6-f082-48c8-a022-48c4674498f8}</UniqueIdentifier>
    </Filter>
    <Filter Include="Common\ntos\object_types">
      <UniqueIdentifier>{ca409d54-d68e-449a-9a04-ffa6a07eba6c}</UniqueIdentifier>
    </Filter>
    <Filter Include="Common\ntos\kdbg_struct">
      <UniqueIdentifier>{788c10bc-dcf0-4922-86cb-f873f0c1d452}</UniqueIdentifier>
    </Filter>
    <Filter Include="HookEngine">
      <UniqueIdentifier>{eb80a018-b2e3-4f78-86b2-71d68464c9d8}</UniqueIdentifier>
    </Filter>
    <Filter Include="Common\memfile">
      <UniqueIdentifier>{848ff9e5-78f2-40ea-bae8-8530d8eb6156}</UniqueIdentifier>
    </Filter>
    <Filter Include="Common\cabfile">
      <UniqueIdentifier>{ab2f981f-b3c1-41b6-a655-3a2c1841ef57}</UniqueIdentifier>
    </Filter>
    <Filter Include="Common\pdbfile">
      <UniqueIdentifier>{d1d556bf-60e8-4c1d-b44c-dfbc53e49475}</UniqueIdentifier>
    </Filter>
    <Filter Include="HookEngine\asm">
      <UniqueIdentifier>{b41600b1-9b3d-428e-acd8-6bfdf6169932}</UniqueIdentifier>
    </Filter>
    <Filter Include="asmjit">
      <UniqueIdentifier>{30d4e167-abe6-475c-8cbb-ff3fa7736ad8}</UniqueIdentifier>
    </Filter>
    <Filter Include="asmjit\asmtk">
      <UniqueIdentifier>{d2c44bc8-5526-43d4-81be-1dc24c0c45ab}</UniqueIdentifier>
    </Filter>
    <Filter Include="asmjit\asmjit">
      <UniqueIdentifier>{c50d5112-2e99-4cea-9f2c-fcdc81e6bf2d}</UniqueIdentifier>
    </Filter>
    <Filter Include="asmjit\asmjit\base">
      <UniqueIdentifier>{5c8685c5-bf63-4bc1-a1b4-6ec55bac359c}</UniqueIdentifier>
    </Filter>
    <Filter Include="asmjit\asmjit\x86">
      <UniqueIdentifier>{eb4ca89c-c0d0-4dc1-a86d-8686b188b9e4}</UniqueIdentifier>
    </Filter>
    <Filter Include="distorm">
      <UniqueIdentifier>{796b2930-7f0e-497c-bfed-e06280cc15fc}</UniqueIdentifier>
    </Filter>
    <Filter Include="Common\util\ldr">
      <UniqueIdentifier>{4f31147f-b18c-4ffe-8ccb-231d9513a5e8}</UniqueIdentifier>
    </Filter>
    <Filter Include="HookEngine\idthook">
      <UniqueIdentifier>{361f8449-7944-46f6-bcf5-9f22eed08feb}</UniqueIdentifier>
    </Filter>
    <Filter Include="HookEngine\inthook">
      <UniqueIdentifier>{2f41a305-125f-447b-aad8-c89a3b9e95a1}</UniqueIdentifier>
    </Filter>
    <Filter Include="HookEngine\irphook">
      <UniqueIdentifier>{8b01c5d5-2c3d-4b09-be7c-fa78b739e784}</UniqueIdentifier>
    </Filter>
    <Filter Include="HookEngine\syscallhook">
      <UniqueIdentifier>{d02e980a-2003-4457-acf7-58c86e16eaff}</UniqueIdentifier>
    </Filter>
    <Filter Include="patch_guard">
      <UniqueIdentifier>{047c2de5-830f-4d80-ad4a-2efd73f94e25}</UniqueIdentifier>
    </Filter>
    <Filter Include="Common\callback\nmi">
      <UniqueIdentifier>{7b7a882b-5b5e-454a-8e3b-8ca32cc08944}</UniqueIdentifier>
    </Filter>
    <Filter Include="Common\callback\bsod">
      <UniqueIdentifier>{f2f91fe1-a011-424b-b586-d93c7fa6bbb4}</UniqueIdentifier>
    </Filter>
    <Filter Include="shellcode_loader">
      <UniqueIdentifier>{00454e50-28a8-4b73-8a9d-9ba4c366bb47}</UniqueIdentifier>
    </Filter>
  </ItemGroup>
  <ItemGroup>
    <Inf Include="DrvCppTemp.inf">
      <Filter>Driver Files</Filter>
    </Inf>
  </ItemGroup>
  <ItemGroup>
    <ClInclude Include="..\Common\Base.h">
      <Filter>Common</Filter>
    </ClInclude>
    <ClInclude Include="..\Common\stdcpp\kernel_stl.h">
      <Filter>Common\Stdcpp</Filter>
    </ClInclude>
    <ClInclude Include="..\Common\stdcpp\scope_exit.h">
      <Filter>Common\Stdcpp</Filter>
    </ClInclude>
    <ClInclude Include="..\Common\stdcpp\Singleton.h">
      <Filter>Common\Stdcpp</Filter>
    </ClInclude>
    <ClInclude Include="..\Common\stdcpp\stdcpp.h">
      <Filter>Common\Stdcpp</Filter>
    </ClInclude>
    <ClInclude Include="..\Common\stdcpp\unique_resource.h">
      <Filter>Common\Stdcpp</Filter>
    </ClInclude>
    <ClInclude Include="..\Common\nt_status.h">
      <Filter>Common\nt_status</Filter>
    </ClInclude>
    <ClInclude Include="..\Common\ntos\ntos_func_def.h">
      <Filter>Common\ntos</Filter>
    </ClInclude>
    <ClInclude Include="..\Common\Device\Device.h">
      <Filter>Common\Device</Filter>
    </ClInclude>
    <ClInclude Include="..\Common\Driver\nt_driver.h">
      <Filter>Common\Driver</Filter>
    </ClInclude>
    <ClInclude Include="..\Common\Lock\nt_lock.h">
      <Filter>Common\Lock</Filter>
    </ClInclude>
    <ClInclude Include="..\Common\Lock\nt_mutex.h">
      <Filter>Common\Lock</Filter>
    </ClInclude>
    <ClInclude Include="..\Common\Lock\nt_spinlock.h">
      <Filter>Common\Lock</Filter>
    </ClInclude>
    <ClInclude Include="..\Common\Lock\nt_rwlock.h">
      <Filter>Common\Lock</Filter>
    </ClInclude>
    <ClInclude Include="..\Common\Lock\push_lock.h">
      <Filter>Common\Lock</Filter>
    </ClInclude>
    <ClInclude Include="..\Common\util\syscall\nt_syscall.h">
      <Filter>Common\util\syscall</Filter>
    </ClInclude>
    <ClInclude Include="..\Common\util\util.h">
      <Filter>Common\util</Filter>
    </ClInclude>
    <ClInclude Include="..\Common\util\mem_util.h">
      <Filter>Common\util\mem_util</Filter>
    </ClInclude>
    <ClInclude Include="..\Common\util\time.h">
      <Filter>Common\util\time</Filter>
    </ClInclude>
    <ClInclude Include="..\Common\thread\nt_thread.h">
      <Filter>Common\Thread</Filter>
    </ClInclude>
    <ClInclude Include="resource.h">
      <Filter>Header Files</Filter>
    </ClInclude>
    <ClInclude Include="..\Common\workitem\nt_work_item.h">
      <Filter>Common\work_item</Filter>
    </ClInclude>
    <ClInclude Include="..\Common\dpc\nt_dpc.h">
      <Filter>Common\Dpc</Filter>
    </ClInclude>
    <ClInclude Include="..\Common\timer\nt_timer.h">
      <Filter>Common\Timer</Filter>
    </ClInclude>
    <ClInclude Include="..\Common\dpc\nt_dpc_help.h">
      <Filter>Common\Dpc</Filter>
    </ClInclude>
    <ClInclude Include="..\Common\Lock\cpu_lock.h">
      <Filter>Common\Lock</Filter>
    </ClInclude>
    <ClInclude Include="..\Common\ipi\nt_ipi.h">
      <Filter>Common\Ipi</Filter>
    </ClInclude>
    <ClInclude Include="..\Common\file\nt_file.h">
      <Filter>Common\file</Filter>
    </ClInclude>
    <ClInclude Include="..\Common\reg\nt_reg.h">
      <Filter>Common\reg</Filter>
    </ClInclude>
    <ClInclude Include="..\Common\section\nt_file_map.h">
      <Filter>Common\filemap</Filter>
    </ClInclude>
    <ClInclude Include="..\Common\event\nt_event.h">
      <Filter>Common\event</Filter>
    </ClInclude>
    <ClInclude Include="..\Common\hive\nt_hive.h">
      <Filter>Common\hive</Filter>
    </ClInclude>
    <ClInclude Include="..\Common\hive\reg_hive.h">
      <Filter>Common\hive</Filter>
    </ClInclude>
    <ClInclude Include="..\Common\string\nt_string.h">
      <Filter>Common\string</Filter>
    </ClInclude>
    <ClInclude Include="..\Common\callback\nt_callback.h">
      <Filter>Common\callback</Filter>
    </ClInclude>
    <ClInclude Include="..\Common\callback\image\nt_image_callback.h">
      <Filter>Common\callback\image</Filter>
    </ClInclude>
    <ClInclude Include="..\Common\callback\process\nt_process_callback.h">
      <Filter>Common\callback\process</Filter>
    </ClInclude>
    <ClInclude Include="..\Common\callback\thread\nt_thread_callback.h">
      <Filter>Common\callback\thread</Filter>
    </ClInclude>
    <ClInclude Include="..\Common\callback\excallback\nt_excallback.h">
      <Filter>Common\callback\excallback</Filter>
    </ClInclude>
    <ClInclude Include="..\Common\callback\power\nt_power_callback.h">
      <Filter>Common\callback\power</Filter>
    </ClInclude>
    <ClInclude Include="..\Common\callback\processor\nt_processor_callback.h">
      <Filter>Common\callback\processor</Filter>
    </ClInclude>
    <ClInclude Include="..\Common\callback\shutdown\nt_shutdown_callback.h">
      <Filter>Common\callback\shutdown</Filter>
    </ClInclude>
    <ClInclude Include="..\Common\callback\session\nt_session_callback.h">
      <Filter>Common\callback\session</Filter>
    </ClInclude>
    <ClInclude Include="..\Common\Lock\nt_rundownlock.h">
      <Filter>Common\Lock</Filter>
    </ClInclude>
    <ClInclude Include="..\Common\callback\pnp\nt_pnp_callback.h">
      <Filter>Common\callback\pnp</Filter>
    </ClInclude>
    <ClInclude Include="..\Common\callback\register\nt_cmreg_callback.h">
      <Filter>Common\callback\register</Filter>
    </ClInclude>
    <ClInclude Include="..\Common\callback\object\nt_object_callback.h">
      <Filter>Common\callback\object</Filter>
    </ClInclude>
    <ClInclude Include="stdafx.h">
      <Filter>Header Files</Filter>
    </ClInclude>
    <ClInclude Include="..\Common\event\nt_kevent.h">
      <Filter>Common\event</Filter>
    </ClInclude>
    <ClInclude Include="..\Common\ntos\ntos.h">
      <Filter>Common\ntos</Filter>
    </ClInclude>
    <ClInclude Include="..\Common\ntos\win7_64.h">
      <Filter>Common\ntos</Filter>
    </ClInclude>
    <ClInclude Include="..\Common\ntos\win7_sp1_64.h">
      <Filter>Common\ntos</Filter>
    </ClInclude>
    <ClInclude Include="..\Common\ntos\win8_0_9200.h">
      <Filter>Common\ntos</Filter>
    </ClInclude>
    <ClInclude Include="..\Common\ntos\win8_1_9600.h">
      <Filter>Common\ntos</Filter>
    </ClInclude>
    <ClInclude Include="..\Common\ntos\win10_64_15063.h">
      <Filter>Common\ntos</Filter>
    </ClInclude>
    <ClInclude Include="..\Common\ntos\win10_10586.h">
      <Filter>Common\ntos</Filter>
    </ClInclude>
    <ClInclude Include="..\Common\ntos\win10_14393.h">
      <Filter>Common\ntos</Filter>
    </ClInclude>
    <ClInclude Include="..\Common\callback\object\nt_obj_process_callback.h">
      <Filter>Common\callback\object\process</Filter>
    </ClInclude>
    <ClInclude Include="..\Common\callback\object\nt_obj_thread_callback.h">
      <Filter>Common\callback\object\thread</Filter>
    </ClInclude>
    <ClInclude Include="..\Common\callback\object\nt_obj_file_callback.h">
      <Filter>Common\callback\object\file</Filter>
    </ClInclude>
    <ClInclude Include="..\Common\socket\nt_socket.h">
      <Filter>Common\socket</Filter>
    </ClInclude>
    <ClInclude Include="..\Common\socket\ksocket\ksocket.h">
      <Filter>Common\socket\tdi</Filter>
    </ClInclude>
    <ClInclude Include="..\Common\socket\ksocket\ktdi.h">
      <Filter>Common\socket\tdi</Filter>
    </ClInclude>
    <ClInclude Include="..\Common\socket\nt_tdi.h">
      <Filter>Common\socket</Filter>
    </ClInclude>
    <ClInclude Include="..\Common\socket\nt_wsk.h">
      <Filter>Common\socket</Filter>
    </ClInclude>
    <ClInclude Include="..\Common\socket\wsk\nt_wsk_socket.h">
      <Filter>Common\socket\wsk</Filter>
    </ClInclude>
    <ClInclude Include="..\Common\socket\nt_http.h">
      <Filter>Common\socket</Filter>
    </ClInclude>
    <ClInclude Include="..\Common\irpfilter\nt_irp_filter.h">
      <Filter>Common\irpfilter</Filter>
    </ClInclude>
    <ClInclude Include="..\Common\Log\nt_log.h">
      <Filter>Common\Log</Filter>
    </ClInclude>
    <ClInclude Include="..\Common\ntos\object_types\nt_object_types.h">
      <Filter>Common\ntos\object_types</Filter>
    </ClInclude>
    <ClInclude Include="..\Common\ntos\kdbgblock.h">
      <Filter>Common\ntos\kdbg_struct</Filter>
    </ClInclude>
    <ClInclude Include="..\Common\memfile\nt_memfile.h">
      <Filter>Common\memfile</Filter>
    </ClInclude>
    <ClInclude Include="..\Common\cabfile\nt_cabfile.h">
      <Filter>Common\cabfile</Filter>
    </ClInclude>
    <ClInclude Include="..\Common\cabfile\nt_lzxd.h">
      <Filter>Common\cabfile</Filter>
    </ClInclude>
    <ClInclude Include="..\Common\pdbfile\nt_pdbfile.h">
      <Filter>Common\pdbfile</Filter>
    </ClInclude>
    <ClInclude Include="..\asmjit\asmjit\src\asmjit\base\arch.h">
      <Filter>asmjit\asmjit\base</Filter>
    </ClInclude>
    <ClInclude Include="..\asmjit\asmjit\src\asmjit\base\assembler.h">
      <Filter>asmjit\asmjit\base</Filter>
    </ClInclude>
    <ClInclude Include="..\asmjit\asmjit\src\asmjit\base\codebuilder.h">
      <Filter>asmjit\asmjit\base</Filter>
    </ClInclude>
    <ClInclude Include="..\asmjit\asmjit\src\asmjit\base\codecompiler.h">
      <Filter>asmjit\asmjit\base</Filter>
    </ClInclude>
    <ClInclude Include="..\asmjit\asmjit\src\asmjit\base\codeemitter.h">
      <Filter>asmjit\asmjit\base</Filter>
    </ClInclude>
    <ClInclude Include="..\asmjit\asmjit\src\asmjit\base\codeholder.h">
      <Filter>asmjit\asmjit\base</Filter>
    </ClInclude>
    <ClInclude Include="..\asmjit\asmjit\src\asmjit\base\constpool.h">
      <Filter>asmjit\asmjit\base</Filter>
    </ClInclude>
    <ClInclude Include="..\asmjit\asmjit\src\asmjit\base\cpuinfo.h">
      <Filter>asmjit\asmjit\base</Filter>
    </ClInclude>
    <ClInclude Include="..\asmjit\asmjit\src\asmjit\base\func.h">
      <Filter>asmjit\asmjit\base</Filter>
    </ClInclude>
    <ClInclude Include="..\asmjit\asmjit\src\asmjit\base\globals.h">
      <Filter>asmjit\asmjit\base</Filter>
    </ClInclude>
    <ClInclude Include="..\asmjit\asmjit\src\asmjit\base\inst.h">
      <Filter>asmjit\asmjit\base</Filter>
    </ClInclude>
    <ClInclude Include="..\asmjit\asmjit\src\asmjit\base\logging.h">
      <Filter>asmjit\asmjit\base</Filter>
    </ClInclude>
    <ClInclude Include="..\asmjit\asmjit\src\asmjit\base\misc_p.h">
      <Filter>asmjit\asmjit\base</Filter>
    </ClInclude>
    <ClInclude Include="..\asmjit\asmjit\src\asmjit\base\operand.h">
      <Filter>asmjit\asmjit\base</Filter>
    </ClInclude>
    <ClInclude Include="..\asmjit\asmjit\src\asmjit\base\osutils.h">
      <Filter>asmjit\asmjit\base</Filter>
    </ClInclude>
    <ClInclude Include="..\asmjit\asmjit\src\asmjit\base\regalloc_p.h">
      <Filter>asmjit\asmjit\base</Filter>
    </ClInclude>
    <ClInclude Include="..\asmjit\asmjit\src\asmjit\base\runtime.h">
      <Filter>asmjit\asmjit\base</Filter>
    </ClInclude>
    <ClInclude Include="..\asmjit\asmjit\src\asmjit\base\simdtypes.h">
      <Filter>asmjit\asmjit\base</Filter>
    </ClInclude>
    <ClInclude Include="..\asmjit\asmjit\src\asmjit\base\string.h">
      <Filter>asmjit\asmjit\base</Filter>
    </ClInclude>
    <ClInclude Include="..\asmjit\asmjit\src\asmjit\base\utils.h">
      <Filter>asmjit\asmjit\base</Filter>
    </ClInclude>
    <ClInclude Include="..\asmjit\asmjit\src\asmjit\base\vmem.h">
      <Filter>asmjit\asmjit\base</Filter>
    </ClInclude>
    <ClInclude Include="..\asmjit\asmjit\src\asmjit\base\zone.h">
      <Filter>asmjit\asmjit\base</Filter>
    </ClInclude>
    <ClInclude Include="..\asmjit\asmjit\src\asmjit\x86\x86assembler.h">
      <Filter>asmjit\asmjit\x86</Filter>
    </ClInclude>
    <ClInclude Include="..\asmjit\asmjit\src\asmjit\x86\x86builder.h">
      <Filter>asmjit\asmjit\x86</Filter>
    </ClInclude>
    <ClInclude Include="..\asmjit\asmjit\src\asmjit\x86\x86compiler.h">
      <Filter>asmjit\asmjit\x86</Filter>
    </ClInclude>
    <ClInclude Include="..\asmjit\asmjit\src\asmjit\x86\x86emitter.h">
      <Filter>asmjit\asmjit\x86</Filter>
    </ClInclude>
    <ClInclude Include="..\asmjit\asmjit\src\asmjit\x86\x86globals.h">
      <Filter>asmjit\asmjit\x86</Filter>
    </ClInclude>
    <ClInclude Include="..\asmjit\asmjit\src\asmjit\x86\x86inst.h">
      <Filter>asmjit\asmjit\x86</Filter>
    </ClInclude>
    <ClInclude Include="..\asmjit\asmjit\src\asmjit\x86\x86instimpl_p.h">
      <Filter>asmjit\asmjit\x86</Filter>
    </ClInclude>
    <ClInclude Include="..\asmjit\asmjit\src\asmjit\x86\x86internal_p.h">
      <Filter>asmjit\asmjit\x86</Filter>
    </ClInclude>
    <ClInclude Include="..\asmjit\asmjit\src\asmjit\x86\x86logging_p.h">
      <Filter>asmjit\asmjit\x86</Filter>
    </ClInclude>
    <ClInclude Include="..\asmjit\asmjit\src\asmjit\x86\x86misc.h">
      <Filter>asmjit\asmjit\x86</Filter>
    </ClInclude>
    <ClInclude Include="..\asmjit\asmjit\src\asmjit\x86\x86operand.h">
      <Filter>asmjit\asmjit\x86</Filter>
    </ClInclude>
    <ClInclude Include="..\asmjit\asmjit\src\asmjit\x86\x86regalloc_p.h">
      <Filter>asmjit\asmjit\x86</Filter>
    </ClInclude>
    <ClInclude Include="..\asmjit\asmjit\src\asmjit\arm.h">
      <Filter>asmjit\asmjit</Filter>
    </ClInclude>
    <ClInclude Include="..\asmjit\asmjit\src\asmjit\asmjit.h">
      <Filter>asmjit\asmjit</Filter>
    </ClInclude>
    <ClInclude Include="..\asmjit\asmjit\src\asmjit\asmjit_apibegin.h">
      <Filter>asmjit\asmjit</Filter>
    </ClInclude>
    <ClInclude Include="..\asmjit\asmjit\src\asmjit\asmjit_apiend.h">
      <Filter>asmjit\asmjit</Filter>
    </ClInclude>
    <ClInclude Include="..\asmjit\asmjit\src\asmjit\asmjit_build.h">
      <Filter>asmjit\asmjit</Filter>
    </ClInclude>
    <ClInclude Include="..\asmjit\asmjit\src\asmjit\base.h">
      <Filter>asmjit\asmjit</Filter>
    </ClInclude>
    <ClInclude Include="..\asmjit\asmjit\src\asmjit\x86.h">
      <Filter>asmjit\asmjit</Filter>
    </ClInclude>
    <ClInclude Include="..\asmjit\asmtk\src\asmtk\asmparser.h">
      <Filter>asmjit\asmtk</Filter>
    </ClInclude>
    <ClInclude Include="..\asmjit\asmtk\src\asmtk\asmtk.h">
      <Filter>asmjit\asmtk</Filter>
    </ClInclude>
    <ClInclude Include="..\asmjit\asmtk\src\asmtk\asmtokenizer.h">
      <Filter>asmjit\asmtk</Filter>
    </ClInclude>
    <ClInclude Include="..\asmjit\asmtk\src\asmtk\elfdefs.h">
      <Filter>asmjit\asmtk</Filter>
    </ClInclude>
    <ClInclude Include="..\asmjit\asmtk\src\asmtk\globals.h">
      <Filter>asmjit\asmtk</Filter>
    </ClInclude>
    <ClInclude Include="..\asmjit\asmtk\src\asmtk\strtod.h">
      <Filter>asmjit\asmtk</Filter>
    </ClInclude>
    <ClInclude Include="..\HookEngine\AsmGen.h">
      <Filter>HookEngine\asm</Filter>
    </ClInclude>
    <ClInclude Include="..\HookEngine\BaseHook.h">
      <Filter>HookEngine</Filter>
    </ClInclude>
    <ClInclude Include="..\HookEngine\Detours.h">
      <Filter>HookEngine</Filter>
    </ClInclude>
    <ClInclude Include="..\HookEngine\DetoursInternal.h">
      <Filter>HookEngine</Filter>
    </ClInclude>
    <ClInclude Include="..\HookEngine\hook_engine.h">
      <Filter>HookEngine</Filter>
    </ClInclude>
    <ClInclude Include="..\HookEngine\Intrinsic.h">
      <Filter>HookEngine</Filter>
    </ClInclude>
    <ClInclude Include="..\HookEngine\Reassembler.h">
      <Filter>HookEngine</Filter>
    </ClInclude>
    <ClInclude Include="..\Common\util\ldr.h">
      <Filter>Common\util\ldr</Filter>
    </ClInclude>
    <ClInclude Include="..\HookEngine\idt_hook.h">
      <Filter>HookEngine\idthook</Filter>
    </ClInclude>
    <ClInclude Include="..\Common\intel_def.h">
      <Filter>Common</Filter>
    </ClInclude>
    <ClInclude Include="..\HookEngine\int_hook.h">
      <Filter>HookEngine\inthook</Filter>
    </ClInclude>
    <ClInclude Include="..\HookEngine\hook.syscall.h">
      <Filter>HookEngine\syscallhook</Filter>
    </ClInclude>
    <ClInclude Include="..\Common\callback\nmi\callback.nmi.h">
      <Filter>Common\callback\nmi</Filter>
    </ClInclude>
    <ClInclude Include="..\Common\callback\bsod\callback.bsod.h">
      <Filter>Common\callback\bsod</Filter>
    </ClInclude>
    <ClInclude Include="..\HookEngine\hook.irp.h">
      <Filter>HookEngine\irphook</Filter>
    </ClInclude>
    <ClInclude Include="..\HookEngine\AllHooks.h">
      <Filter>HookEngine</Filter>
    </ClInclude>
    <ClInclude Include="..\PatchGuard\patchguard.h">
      <Filter>patch_guard</Filter>
    </ClInclude>
    <ClInclude Include="..\shellcode_loader\shellcode.loader.h">
      <Filter>shellcode_loader</Filter>
    </ClInclude>
    <ClInclude Include="shellcode.h">
      <Filter>Header Files</Filter>
    </ClInclude>
    <ClInclude Include="ioctrl.h">
      <Filter>Header Files</Filter>
    </ClInclude>
  </ItemGroup>
  <ItemGroup>
    <ClCompile Include="..\Common\stdcpp\kernel_stl.cpp">
      <Filter>Common\Stdcpp</Filter>
    </ClCompile>
    <ClCompile Include="..\Common\stdcpp\stdcpp.cpp">
      <Filter>Common\Stdcpp</Filter>
    </ClCompile>
    <ClCompile Include="..\Common\stdcpp\typeinfo.cpp">
      <Filter>Common\Stdcpp</Filter>
    </ClCompile>
    <ClCompile Include="..\Common\nt_status.cpp">
      <Filter>Common\nt_status</Filter>
    </ClCompile>
    <ClCompile Include="..\Common\Driver.cpp">
      <Filter>Common\DriverEntry</Filter>
    </ClCompile>
    <ClCompile Include="Main.cpp">
      <Filter>Source Files</Filter>
    </ClCompile>
    <ClCompile Include="..\Common\Device\Device.cpp">
      <Filter>Common\Device</Filter>
    </ClCompile>
    <ClCompile Include="..\Common\util\util.cpp">
      <Filter>Common\util</Filter>
    </ClCompile>
    <ClCompile Include="..\Common\util\mem_util.cpp">
      <Filter>Common\util\mem_util</Filter>
    </ClCompile>
    <ClCompile Include="..\Common\util\ver.cpp">
      <Filter>Common\util</Filter>
    </ClCompile>
    <ClCompile Include="..\Common\util\time_sleep.cpp">
      <Filter>Common\util\time</Filter>
    </ClCompile>
    <ClCompile Include="..\Common\util\time.cpp">
      <Filter>Common\util\time</Filter>
    </ClCompile>
    <ClCompile Include="..\Common\timer\nt_timer.cpp">
      <Filter>Common\Timer</Filter>
    </ClCompile>
    <ClCompile Include="..\Common\workitem\nt_workitem.cpp">
      <Filter>Common\work_item</Filter>
    </ClCompile>
    <ClCompile Include="..\Common\dpc\dpc.cpp">
      <Filter>Common\Dpc</Filter>
    </ClCompile>
    <ClCompile Include="..\Common\thread\nt_thread.cpp">
      <Filter>Common\Thread</Filter>
    </ClCompile>
    <ClCompile Include="..\Common\file\nt_file.cpp">
      <Filter>Common\file</Filter>
    </ClCompile>
    <ClCompile Include="..\Common\reg\nt_reg.cpp">
      <Filter>Common\reg</Filter>
    </ClCompile>
    <ClCompile Include="..\Common\socket\ksocket\endian.c">
      <Filter>Common\socket\tdi</Filter>
    </ClCompile>
    <ClCompile Include="..\Common\socket\ksocket\inet.c">
      <Filter>Common\socket\tdi</Filter>
    </ClCompile>
    <ClCompile Include="..\Common\socket\ksocket\ksocket.c">
      <Filter>Common\socket\tdi</Filter>
    </ClCompile>
    <ClCompile Include="..\Common\socket\ksocket\ktdi.c">
      <Filter>Common\socket\tdi</Filter>
    </ClCompile>
    <ClCompile Include="..\Common\socket\wsk\wsk_socket.cpp">
      <Filter>Common\socket\wsk</Filter>
    </ClCompile>
    <ClCompile Include="..\Common\irpfilter\nt_irp_filter.cpp">
      <Filter>Common\irpfilter</Filter>
    </ClCompile>
    <ClCompile Include="..\Common\Log\nt_log.cpp">
      <Filter>Common\Log</Filter>
    </ClCompile>
    <ClCompile Include="..\Common\ntos\kdbgblock.cpp">
      <Filter>Common\ntos</Filter>
    </ClCompile>
    <ClCompile Include="..\Common\cabfile\nt_cabfile.cpp">
      <Filter>Common\cabfile</Filter>
    </ClCompile>
    <ClCompile Include="..\Common\cabfile\nt_lzxd.cpp">
      <Filter>Common\cabfile</Filter>
    </ClCompile>
    <ClCompile Include="..\Common\pdbfile\nt_pdbfile.cpp">
      <Filter>Common\pdbfile</Filter>
    </ClCompile>
    <ClCompile Include="..\asmjit\asmjit\src\asmjit\base\arch.cpp">
      <Filter>asmjit\asmjit\base</Filter>
    </ClCompile>
    <ClCompile Include="..\asmjit\asmjit\src\asmjit\base\assembler.cpp">
      <Filter>asmjit\asmjit\base</Filter>
    </ClCompile>
    <ClCompile Include="..\asmjit\asmjit\src\asmjit\base\codebuilder.cpp">
      <Filter>asmjit\asmjit\base</Filter>
    </ClCompile>
    <ClCompile Include="..\asmjit\asmjit\src\asmjit\base\codecompiler.cpp">
      <Filter>asmjit\asmjit\base</Filter>
    </ClCompile>
    <ClCompile Include="..\asmjit\asmjit\src\asmjit\base\codeemitter.cpp">
      <Filter>asmjit\asmjit\base</Filter>
    </ClCompile>
    <ClCompile Include="..\asmjit\asmjit\src\asmjit\base\codeholder.cpp">
      <Filter>asmjit\asmjit\base</Filter>
    </ClCompile>
    <ClCompile Include="..\asmjit\asmjit\src\asmjit\base\constpool.cpp">
      <Filter>asmjit\asmjit\base</Filter>
    </ClCompile>
    <ClCompile Include="..\asmjit\asmjit\src\asmjit\base\cpuinfo.cpp">
      <Filter>asmjit\asmjit\base</Filter>
    </ClCompile>
    <ClCompile Include="..\asmjit\asmjit\src\asmjit\base\func.cpp">
      <Filter>asmjit\asmjit\base</Filter>
    </ClCompile>
    <ClCompile Include="..\asmjit\asmjit\src\asmjit\base\globals.cpp">
      <Filter>asmjit\asmjit\base</Filter>
    </ClCompile>
    <ClCompile Include="..\asmjit\asmjit\src\asmjit\base\inst.cpp">
      <Filter>asmjit\asmjit\base</Filter>
    </ClCompile>
    <ClCompile Include="..\asmjit\asmjit\src\asmjit\base\logging.cpp">
      <Filter>asmjit\asmjit\base</Filter>
    </ClCompile>
    <ClCompile Include="..\asmjit\asmjit\src\asmjit\base\operand.cpp">
      <Filter>asmjit\asmjit\base</Filter>
    </ClCompile>
    <ClCompile Include="..\asmjit\asmjit\src\asmjit\base\osutils.cpp">
      <Filter>asmjit\asmjit\base</Filter>
    </ClCompile>
    <ClCompile Include="..\asmjit\asmjit\src\asmjit\base\regalloc.cpp">
      <Filter>asmjit\asmjit\base</Filter>
    </ClCompile>
    <ClCompile Include="..\asmjit\asmjit\src\asmjit\base\runtime.cpp">
      <Filter>asmjit\asmjit\base</Filter>
    </ClCompile>
    <ClCompile Include="..\asmjit\asmjit\src\asmjit\base\string.cpp">
      <Filter>asmjit\asmjit\base</Filter>
    </ClCompile>
    <ClCompile Include="..\asmjit\asmjit\src\asmjit\base\utils.cpp">
      <Filter>asmjit\asmjit\base</Filter>
    </ClCompile>
    <ClCompile Include="..\asmjit\asmjit\src\asmjit\base\vmem.cpp">
      <Filter>asmjit\asmjit\base</Filter>
    </ClCompile>
    <ClCompile Include="..\asmjit\asmjit\src\asmjit\base\zone.cpp">
      <Filter>asmjit\asmjit\base</Filter>
    </ClCompile>
    <ClCompile Include="..\asmjit\asmjit\src\asmjit\x86\x86assembler.cpp">
      <Filter>asmjit\asmjit\x86</Filter>
    </ClCompile>
    <ClCompile Include="..\asmjit\asmjit\src\asmjit\x86\x86builder.cpp">
      <Filter>asmjit\asmjit\x86</Filter>
    </ClCompile>
    <ClCompile Include="..\asmjit\asmjit\src\asmjit\x86\x86compiler.cpp">
      <Filter>asmjit\asmjit\x86</Filter>
    </ClCompile>
    <ClCompile Include="..\asmjit\asmjit\src\asmjit\x86\x86inst.cpp">
      <Filter>asmjit\asmjit\x86</Filter>
    </ClCompile>
    <ClCompile Include="..\asmjit\asmjit\src\asmjit\x86\x86instimpl.cpp">
      <Filter>asmjit\asmjit\x86</Filter>
    </ClCompile>
    <ClCompile Include="..\asmjit\asmjit\src\asmjit\x86\x86internal.cpp">
      <Filter>asmjit\asmjit\x86</Filter>
    </ClCompile>
    <ClCompile Include="..\asmjit\asmjit\src\asmjit\x86\x86logging.cpp">
      <Filter>asmjit\asmjit\x86</Filter>
    </ClCompile>
    <ClCompile Include="..\asmjit\asmjit\src\asmjit\x86\x86operand.cpp">
      <Filter>asmjit\asmjit\x86</Filter>
    </ClCompile>
    <ClCompile Include="..\asmjit\asmjit\src\asmjit\x86\x86operand_regs.cpp">
      <Filter>asmjit\asmjit\x86</Filter>
    </ClCompile>
    <ClCompile Include="..\asmjit\asmjit\src\asmjit\x86\x86regalloc.cpp">
      <Filter>asmjit\asmjit\x86</Filter>
    </ClCompile>
    <ClCompile Include="..\asmjit\asmtk\src\asmtk\asmparser.cpp">
      <Filter>asmjit\asmtk</Filter>
    </ClCompile>
    <ClCompile Include="..\asmjit\asmtk\src\asmtk\asmtokenizer.cpp">
      <Filter>asmjit\asmtk</Filter>
    </ClCompile>
    <ClCompile Include="..\distorm\DistormX.cpp">
      <Filter>distorm</Filter>
    </ClCompile>
    <ClCompile Include="..\HookEngine\AsmGen.cpp">
      <Filter>HookEngine\asm</Filter>
    </ClCompile>
    <ClCompile Include="..\HookEngine\Detours32.cpp">
      <Filter>HookEngine</Filter>
    </ClCompile>
    <ClCompile Include="..\HookEngine\Detours64.cpp">
      <Filter>HookEngine</Filter>
    </ClCompile>
    <ClCompile Include="..\HookEngine\DetoursInternal.cpp">
      <Filter>HookEngine</Filter>
    </ClCompile>
    <ClCompile Include="..\HookEngine\Reassembler.cpp">
      <Filter>HookEngine</Filter>
    </ClCompile>
    <ClCompile Include="stdafx.cpp">
      <Filter>Source Files</Filter>
    </ClCompile>
    <ClCompile Include="..\Common\util\ldr.cpp">
      <Filter>Common\util\ldr</Filter>
    </ClCompile>
    <ClCompile Include="..\HookEngine\idt_hook.cpp">
      <Filter>HookEngine\idthook</Filter>
    </ClCompile>
    <ClCompile Include="..\HookEngine\int_hook.cpp">
      <Filter>HookEngine\inthook</Filter>
    </ClCompile>
    <ClCompile Include="..\PatchGuard\Disable.Patchguard.cpp">
      <Filter>patch_guard</Filter>
    </ClCompile>
    <ClCompile Include="..\PatchGuard\Disable.patchguard.early.cpp">
      <Filter>patch_guard</Filter>
    </ClCompile>
    <ClCompile Include="..\PatchGuard\Disable.Patchguard.new.cpp">
      <Filter>patch_guard</Filter>
    </ClCompile>
    <ClCompile Include="..\shellcode_loader\shellcode.loader.cpp">
      <Filter>shellcode_loader</Filter>
    </ClCompile>
    <ClCompile Include="..\Common\util\util.idt.cpp">
      <Filter>Common\util</Filter>
    </ClCompile>
    <ClCompile Include="dispatch_callback.cpp">
      <Filter>Source Files</Filter>
    </ClCompile>
  </ItemGroup>
  <ItemGroup>
    <ResourceCompile Include="DrvCppTemp.rc">
      <Filter>Resource Files</Filter>
    </ResourceCompile>
  </ItemGroup>
  <ItemGroup>
    <None Include="..\Common\asm\common.inc">
      <Filter>Common\macro</Filter>
    </None>
  </ItemGroup>
  <ItemGroup>
    <MASM Include="..\Common\asm\Trap.asm">
      <Filter>Common\macro</Filter>
    </MASM>
    <MASM Include="..\shellcode_loader\shellcode_loader_asm.asm">
      <Filter>shellcode_loader</Filter>
    </MASM>
    <MASM Include="..\HookEngine\idt_hook_asm.asm">
      <Filter>HookEngine\idthook</Filter>
    </MASM>
    <MASM Include="..\PatchGuard\dispg_asm.asm">
      <Filter>patch_guard</Filter>
    </MASM>
  </ItemGroup>
</Project>