
Microsoft Visual Studio Solution File, Format Version 12.00
# Visual Studio 14
VisualStudioVersion = 14.0.25420.1
MinimumVisualStudioVersion = 10.0.40219.1
Project("{8BC9CEB8-8B4A-11D0-8D11-00A0C91BC942}") = "WinmainConsole", "WinmainConsole\WinmainConsole.vcxproj", "{9F78542C-725D-44D7-B0ED-BF0ED113DF44}"
EndProject
Project("{8BC9CEB8-8B4A-11D0-8D11-00A0C91BC942}") = "FG01", "FG01\FG01.vcxproj", "{43267D92-AEF4-4F38-84C0-088A40D62217}"
EndProject
Project("{8BC9CEB8-8B4A-11D0-8D11-00A0C91BC942}") = "Service", "Service\Service.vcxproj", "{D70551DA-6CF7-40B5-80C5-B14C5B675B0F}"
EndProject
Project("{8BC9CEB8-8B4A-11D0-8D11-00A0C91BC942}") = "MsgFile", "MsgFile\MsgFile.vcxproj", "{7DFB4189-EF45-4C91-B305-EA2C4D98EA4D}"
EndProject
Project("{8BC9CEB8-8B4A-11D0-8D11-00A0C91BC942}") = "MsgPipe", "MsgPipe\MsgPipe.vcxproj", "{19678689-A9D8-446F-8D6E-FA6CF0DBF11B}"
EndProject
Project("{8BC9CEB8-8B4A-11D0-8D11-00A0C91BC942}") = "MsgNoNamePipe", "MsgNoNamePipe\MsgNoNamePipe.vcxproj", "{AC4DD670-EDB6-4070-8B0E-17B94FC858DA}"
EndProject
Project("{8BC9CEB8-8B4A-11D0-8D11-00A0C91BC942}") = "MsgWnd1", "MsgWnd1\MsgWnd1.vcxproj", "{7E746F08-80DF-4DC8-AC6A-DDC9770EF80F}"
EndProject
Project("{8BC9CEB8-8B4A-11D0-8D11-00A0C91BC942}") = "MsgWnd2", "MsgWnd2\MsgWnd2.vcxproj", "{0F3D5788-E4D7-43C8-8529-FDD16A676D63}"
EndProject
Project("{8BC9CEB8-8B4A-11D0-8D11-00A0C91BC942}") = "MsgRemote", "MsgRemote\MsgRemote.vcxproj", "{FC850A9A-C268-4C63-A0DC-B4300547582E}"
EndProject
Project("{8BC9CEB8-8B4A-11D0-8D11-00A0C91BC942}") = "FG02_STL_DEMO", "FG02_STL_DEMO\FG02_STL_DEMO.vcxproj", "{90CFBFFF-C9F1-446D-9860-42DDA52AFCD1}"
EndProject
Project("{8BC9CEB8-8B4A-11D0-8D11-00A0C91BC942}") = "APITopic", "APITopic\APITopic.vcxproj", "{1AE05710-F831-486D-83EF-87CCC5310E42}"
EndProject
Project("{8BC9CEB8-8B4A-11D0-8D11-00A0C91BC942}") = "DllInject", "DllInject\DllInject.vcxproj", "{63C39BEC-B3E6-4C1C-B6CF-3BCC0A3520E4}"
EndProject
Project("{8BC9CEB8-8B4A-11D0-8D11-00A0C91BC942}") = "TemplateDemo", "TemplateDemo\TemplateDemo.vcxproj", "{5F7E8C04-D2C5-433C-8516-E0CD35B0A419}"
EndProject
Global
	GlobalSection(SolutionConfigurationPlatforms) = preSolution
		Debug|x64 = Debug|x64
		Debug|x86 = Debug|x86
		Release|x64 = Release|x64
		Release|x86 = Release|x86
	EndGlobalSection
	GlobalSection(ProjectConfigurationPlatforms) = postSolution
		{9F78542C-725D-44D7-B0ED-BF0ED113DF44}.Debug|x64.ActiveCfg = Debug|x64
		{9F78542C-725D-44D7-B0ED-BF0ED113DF44}.Debug|x64.Build.0 = Debug|x64
		{9F78542C-725D-44D7-B0ED-BF0ED113DF44}.Debug|x86.ActiveCfg = Debug|Win32
		{9F78542C-725D-44D7-B0ED-BF0ED113DF44}.Debug|x86.Build.0 = Debug|Win32
		{9F78542C-725D-44D7-B0ED-BF0ED113DF44}.Release|x64.ActiveCfg = Release|x64
		{9F78542C-725D-44D7-B0ED-BF0ED113DF44}.Release|x64.Build.0 = Release|x64
		{9F78542C-725D-44D7-B0ED-BF0ED113DF44}.Release|x86.ActiveCfg = Release|Win32
		{9F78542C-725D-44D7-B0ED-BF0ED113DF44}.Release|x86.Build.0 = Release|Win32
		{43267D92-AEF4-4F38-84C0-088A40D62217}.Debug|x64.ActiveCfg = Debug|x64
		{43267D92-AEF4-4F38-84C0-088A40D62217}.Debug|x64.Build.0 = Debug|x64
		{43267D92-AEF4-4F38-84C0-088A40D62217}.Debug|x86.ActiveCfg = Debug|Win32
		{43267D92-AEF4-4F38-84C0-088A40D62217}.Debug|x86.Build.0 = Debug|Win32
		{43267D92-AEF4-4F38-84C0-088A40D62217}.Release|x64.ActiveCfg = Release|x64
		{43267D92-AEF4-4F38-84C0-088A40D62217}.Release|x64.Build.0 = Release|x64
		{43267D92-AEF4-4F38-84C0-088A40D62217}.Release|x86.ActiveCfg = Release|Win32
		{43267D92-AEF4-4F38-84C0-088A40D62217}.Release|x86.Build.0 = Release|Win32
		{D70551DA-6CF7-40B5-80C5-B14C5B675B0F}.Debug|x64.ActiveCfg = Debug|x64
		{D70551DA-6CF7-40B5-80C5-B14C5B675B0F}.Debug|x64.Build.0 = Debug|x64
		{D70551DA-6CF7-40B5-80C5-B14C5B675B0F}.Debug|x86.ActiveCfg = Debug|Win32
		{D70551DA-6CF7-40B5-80C5-B14C5B675B0F}.Debug|x86.Build.0 = Debug|Win32
		{D70551DA-6CF7-40B5-80C5-B14C5B675B0F}.Release|x64.ActiveCfg = Release|x64
		{D70551DA-6CF7-40B5-80C5-B14C5B675B0F}.Release|x64.Build.0 = Release|x64
		{D70551DA-6CF7-40B5-80C5-B14C5B675B0F}.Release|x86.ActiveCfg = Release|Win32
		{D70551DA-6CF7-40B5-80C5-B14C5B675B0F}.Release|x86.Build.0 = Release|Win32
		{7DFB4189-EF45-4C91-B305-EA2C4D98EA4D}.Debug|x64.ActiveCfg = Debug|x64
		{7DFB4189-EF45-4C91-B305-EA2C4D98EA4D}.Debug|x64.Build.0 = Debug|x64
		{7DFB4189-EF45-4C91-B305-EA2C4D98EA4D}.Debug|x86.ActiveCfg = Debug|Win32
		{7DFB4189-EF45-4C91-B305-EA2C4D98EA4D}.Debug|x86.Build.0 = Debug|Win32
		{7DFB4189-EF45-4C91-B305-EA2C4D98EA4D}.Release|x64.ActiveCfg = Release|x64
		{7DFB4189-EF45-4C91-B305-EA2C4D98EA4D}.Release|x64.Build.0 = Release|x64
		{7DFB4189-EF45-4C91-B305-EA2C4D98EA4D}.Release|x86.ActiveCfg = Release|Win32
		{7DFB4189-EF45-4C91-B305-EA2C4D98EA4D}.Release|x86.Build.0 = Release|Win32
		{19678689-A9D8-446F-8D6E-FA6CF0DBF11B}.Debug|x64.ActiveCfg = Debug|x64
		{19678689-A9D8-446F-8D6E-FA6CF0DBF11B}.Debug|x64.Build.0 = Debug|x64
		{19678689-A9D8-446F-8D6E-FA6CF0DBF11B}.Debug|x86.ActiveCfg = Debug|Win32
		{19678689-A9D8-446F-8D6E-FA6CF0DBF11B}.Debug|x86.Build.0 = Debug|Win32
		{19678689-A9D8-446F-8D6E-FA6CF0DBF11B}.Release|x64.ActiveCfg = Release|x64
		{19678689-A9D8-446F-8D6E-FA6CF0DBF11B}.Release|x64.Build.0 = Release|x64
		{19678689-A9D8-446F-8D6E-FA6CF0DBF11B}.Release|x86.ActiveCfg = Release|Win32
		{19678689-A9D8-446F-8D6E-FA6CF0DBF11B}.Release|x86.Build.0 = Release|Win32
		{AC4DD670-EDB6-4070-8B0E-17B94FC858DA}.Debug|x64.ActiveCfg = Debug|x64
		{AC4DD670-EDB6-4070-8B0E-17B94FC858DA}.Debug|x64.Build.0 = Debug|x64
		{AC4DD670-EDB6-4070-8B0E-17B94FC858DA}.Debug|x86.ActiveCfg = Debug|Win32
		{AC4DD670-EDB6-4070-8B0E-17B94FC858DA}.Debug|x86.Build.0 = Debug|Win32
		{AC4DD670-EDB6-4070-8B0E-17B94FC858DA}.Release|x64.ActiveCfg = Release|x64
		{AC4DD670-EDB6-4070-8B0E-17B94FC858DA}.Release|x64.Build.0 = Release|x64
		{AC4DD670-EDB6-4070-8B0E-17B94FC858DA}.Release|x86.ActiveCfg = Release|Win32
		{AC4DD670-EDB6-4070-8B0E-17B94FC858DA}.Release|x86.Build.0 = Release|Win32
		{7E746F08-80DF-4DC8-AC6A-DDC9770EF80F}.Debug|x64.ActiveCfg = Debug|x64
		{7E746F08-80DF-4DC8-AC6A-DDC9770EF80F}.Debug|x64.Build.0 = Debug|x64
		{7E746F08-80DF-4DC8-AC6A-DDC9770EF80F}.Debug|x86.ActiveCfg = Debug|Win32
		{7E746F08-80DF-4DC8-AC6A-DDC9770EF80F}.Debug|x86.Build.0 = Debug|Win32
		{7E746F08-80DF-4DC8-AC6A-DDC9770EF80F}.Release|x64.ActiveCfg = Release|x64
		{7E746F08-80DF-4DC8-AC6A-DDC9770EF80F}.Release|x64.Build.0 = Release|x64
		{7E746F08-80DF-4DC8-AC6A-DDC9770EF80F}.Release|x86.ActiveCfg = Release|Win32
		{7E746F08-80DF-4DC8-AC6A-DDC9770EF80F}.Release|x86.Build.0 = Release|Win32
		{0F3D5788-E4D7-43C8-8529-FDD16A676D63}.Debug|x64.ActiveCfg = Debug|x64
		{0F3D5788-E4D7-43C8-8529-FDD16A676D63}.Debug|x64.Build.0 = Debug|x64
		{0F3D5788-E4D7-43C8-8529-FDD16A676D63}.Debug|x86.ActiveCfg = Debug|Win32
		{0F3D5788-E4D7-43C8-8529-FDD16A676D63}.Debug|x86.Build.0 = Debug|Win32
		{0F3D5788-E4D7-43C8-8529-FDD16A676D63}.Release|x64.ActiveCfg = Release|x64
		{0F3D5788-E4D7-43C8-8529-FDD16A676D63}.Release|x64.Build.0 = Release|x64
		{0F3D5788-E4D7-43C8-8529-FDD16A676D63}.Release|x86.ActiveCfg = Release|Win32
		{0F3D5788-E4D7-43C8-8529-FDD16A676D63}.Release|x86.Build.0 = Release|Win32
		{FC850A9A-C268-4C63-A0DC-B4300547582E}.Debug|x64.ActiveCfg = Debug|x64
		{FC850A9A-C268-4C63-A0DC-B4300547582E}.Debug|x64.Build.0 = Debug|x64
		{FC850A9A-C268-4C63-A0DC-B4300547582E}.Debug|x86.ActiveCfg = Debug|Win32
		{FC850A9A-C268-4C63-A0DC-B4300547582E}.Debug|x86.Build.0 = Debug|Win32
		{FC850A9A-C268-4C63-A0DC-B4300547582E}.Release|x64.ActiveCfg = Release|x64
		{FC850A9A-C268-4C63-A0DC-B4300547582E}.Release|x64.Build.0 = Release|x64
		{FC850A9A-C268-4C63-A0DC-B4300547582E}.Release|x86.ActiveCfg = Release|Win32
		{FC850A9A-C268-4C63-A0DC-B4300547582E}.Release|x86.Build.0 = Release|Win32
		{90CFBFFF-C9F1-446D-9860-42DDA52AFCD1}.Debug|x64.ActiveCfg = Debug|x64
		{90CFBFFF-C9F1-446D-9860-42DDA52AFCD1}.Debug|x64.Build.0 = Debug|x64
		{90CFBFFF-C9F1-446D-9860-42DDA52AFCD1}.Debug|x86.ActiveCfg = Debug|Win32
		{90CFBFFF-C9F1-446D-9860-42DDA52AFCD1}.Debug|x86.Build.0 = Debug|Win32
		{90CFBFFF-C9F1-446D-9860-42DDA52AFCD1}.Release|x64.ActiveCfg = Release|x64
		{90CFBFFF-C9F1-446D-9860-42DDA52AFCD1}.Release|x64.Build.0 = Release|x64
		{90CFBFFF-C9F1-446D-9860-42DDA52AFCD1}.Release|x86.ActiveCfg = Release|Win32
		{90CFBFFF-C9F1-446D-9860-42DDA52AFCD1}.Release|x86.Build.0 = Release|Win32
		{1AE05710-F831-486D-83EF-87CCC5310E42}.Debug|x64.ActiveCfg = Debug|x64
		{1AE05710-F831-486D-83EF-87CCC5310E42}.Debug|x64.Build.0 = Debug|x64
		{1AE05710-F831-486D-83EF-87CCC5310E42}.Debug|x86.ActiveCfg = Debug|Win32
		{1AE05710-F831-486D-83EF-87CCC5310E42}.Debug|x86.Build.0 = Debug|Win32
		{1AE05710-F831-486D-83EF-87CCC5310E42}.Release|x64.ActiveCfg = Release|x64
		{1AE05710-F831-486D-83EF-87CCC5310E42}.Release|x64.Build.0 = Release|x64
		{1AE05710-F831-486D-83EF-87CCC5310E42}.Release|x86.ActiveCfg = Release|Win32
		{1AE05710-F831-486D-83EF-87CCC5310E42}.Release|x86.Build.0 = Release|Win32
		{63C39BEC-B3E6-4C1C-B6CF-3BCC0A3520E4}.Debug|x64.ActiveCfg = Debug|x64
		{63C39BEC-B3E6-4C1C-B6CF-3BCC0A3520E4}.Debug|x64.Build.0 = Debug|x64
		{63C39BEC-B3E6-4C1C-B6CF-3BCC0A3520E4}.Debug|x86.ActiveCfg = Debug|Win32
		{63C39BEC-B3E6-4C1C-B6CF-3BCC0A3520E4}.Debug|x86.Build.0 = Debug|Win32
		{63C39BEC-B3E6-4C1C-B6CF-3BCC0A3520E4}.Release|x64.ActiveCfg = Release|x64
		{63C39BEC-B3E6-4C1C-B6CF-3BCC0A3520E4}.Release|x64.Build.0 = Release|x64
		{63C39BEC-B3E6-4C1C-B6CF-3BCC0A3520E4}.Release|x86.ActiveCfg = Release|Win32
		{63C39BEC-B3E6-4C1C-B6CF-3BCC0A3520E4}.Release|x86.Build.0 = Release|Win32
		{5F7E8C04-D2C5-433C-8516-E0CD35B0A419}.Debug|x64.ActiveCfg = Debug|x64
		{5F7E8C04-D2C5-433C-8516-E0CD35B0A419}.Debug|x64.Build.0 = Debug|x64
		{5F7E8C04-D2C5-433C-8516-E0CD35B0A419}.Debug|x86.ActiveCfg = Debug|Win32
		{5F7E8C04-D2C5-433C-8516-E0CD35B0A419}.Debug|x86.Build.0 = Debug|Win32
		{5F7E8C04-D2C5-433C-8516-E0CD35B0A419}.Release|x64.ActiveCfg = Release|x64
		{5F7E8C04-D2C5-433C-8516-E0CD35B0A419}.Release|x64.Build.0 = Release|x64
		{5F7E8C04-D2C5-433C-8516-E0CD35B0A419}.Release|x86.ActiveCfg = Release|Win32
		{5F7E8C04-D2C5-433C-8516-E0CD35B0A419}.Release|x86.Build.0 = Release|Win32
	EndGlobalSection
	GlobalSection(SolutionProperties) = preSolution
		HideSolutionNode = FALSE
	EndGlobalSection
EndGlobal
